
Microsoft Visual Studio Solution File, Format Version 12.00
# Visual Studio Version 17
VisualStudioVersion = 17.7.34221.43
MinimumVisualStudioVersion = 10.0.40219.1
Project("{FAE04EC0-301F-11D3-BF4B-00C04F79EFBC}") = "MakiLib.Types", "src\MakiLib.Types\MakiLib.Types.csproj", "{AFA6496E-7B46-412C-A5A5-802080F7972E}"
EndProject
Project("{9A19103F-16F7-4668-BE54-9A1E7A4F7556}") = "MakiLib.Core", "src\MakiLib.Core\MakiLib.Core.csproj", "{F9DD2824-3586-47F6-9AC3-8A809EE30F92}"
EndProject
Project("{2150E333-8FDC-42A3-9474-1A3956D46DE8}") = "src", "src", "{BEA3AB8B-98AA-4101-B5A8-76F5B4485160}"
EndProject
Project("{2150E333-8FDC-42A3-9474-1A3956D46DE8}") = "tests", "tests", "{4B4EFBAA-0560-4BED-B0A2-C6A38BF24FC5}"
EndProject
Project("{FAE04EC0-301F-11D3-BF4B-00C04F79EFBC}") = "MakiLib.Types.Test", "tests\MakiLib.Types.Test\MakiLib.Types.Test.csproj", "{8BD65E21-A71A-4E14-BFAF-B0B310C05DDC}"
EndProject
Global
	GlobalSection(SolutionConfigurationPlatforms) = preSolution
		Debug|Any CPU = Debug|Any CPU
		Release|Any CPU = Release|Any CPU
	EndGlobalSection
	GlobalSection(ProjectConfigurationPlatforms) = postSolution
		{AFA6496E-7B46-412C-A5A5-802080F7972E}.Debug|Any CPU.ActiveCfg = Debug|Any CPU
		{AFA6496E-7B46-412C-A5A5-802080F7972E}.Debug|Any CPU.Build.0 = Debug|Any CPU
		{AFA6496E-7B46-412C-A5A5-802080F7972E}.Release|Any CPU.ActiveCfg = Release|Any CPU
		{AFA6496E-7B46-412C-A5A5-802080F7972E}.Release|Any CPU.Build.0 = Release|Any CPU
		{F9DD2824-3586-47F6-9AC3-8A809EE30F92}.Debug|Any CPU.ActiveCfg = Debug|Any CPU
		{F9DD2824-3586-47F6-9AC3-8A809EE30F92}.Debug|Any CPU.Build.0 = Debug|Any CPU
		{F9DD2824-3586-47F6-9AC3-8A809EE30F92}.Release|Any CPU.ActiveCfg = Release|Any CPU
		{F9DD2824-3586-47F6-9AC3-8A809EE30F92}.Release|Any CPU.Build.0 = Release|Any CPU
		{8BD65E21-A71A-4E14-BFAF-B0B310C05DDC}.Debug|Any CPU.ActiveCfg = Debug|Any CPU
		{8BD65E21-A71A-4E14-BFAF-B0B310C05DDC}.Debug|Any CPU.Build.0 = Debug|Any CPU
		{8BD65E21-A71A-4E14-BFAF-B0B310C05DDC}.Release|Any CPU.ActiveCfg = Release|Any CPU
		{8BD65E21-A71A-4E14-BFAF-B0B310C05DDC}.Release|Any CPU.Build.0 = Release|Any CPU
	EndGlobalSection
	GlobalSection(SolutionProperties) = preSolution
		HideSolutionNode = FALSE
	EndGlobalSection
	GlobalSection(NestedProjects) = preSolution
		{AFA6496E-7B46-412C-A5A5-802080F7972E} = {BEA3AB8B-98AA-4101-B5A8-76F5B4485160}
		{F9DD2824-3586-47F6-9AC3-8A809EE30F92} = {BEA3AB8B-98AA-4101-B5A8-76F5B4485160}
		{8BD65E21-A71A-4E14-BFAF-B0B310C05DDC} = {4B4EFBAA-0560-4BED-B0A2-C6A38BF24FC5}
	EndGlobalSection
	GlobalSection(ExtensibilityGlobals) = postSolution
		SolutionGuid = {0DDD80E2-CB8F-4759-B365-3335646F7BB9}
	EndGlobalSection
EndGlobal
